// !$*UTF8*$!
{
	archiveVersion = 1;
	classes = {
	};
	objectVersion = 77;
	objects = {

/* Begin PBXContainerItemProxy section */
		AB44C6472DDDAADD008F76A4 /* PBXContainerItemProxy */ = {
			isa = PBXContainerItemProxy;
			containerPortal = AB44C62E2DDDAADB008F76A4 /* Project object */;
			proxyType = 1;
			remoteGlobalIDString = AB44C6352DDDAADB008F76A4;
			remoteInfo = SwiftUIGuardApp;
		};
		AB44C6512DDDAADD008F76A4 /* PBXContainerItemProxy */ = {
			isa = PBXContainerItemProxy;
			containerPortal = AB44C62E2DDDAADB008F76A4 /* Project object */;
			proxyType = 1;
			remoteGlobalIDString = AB44C6352DDDAADB008F76A4;
			remoteInfo = SwiftUIGuardApp;
		};
/* End PBXContainerItemProxy section */

/* Begin PBXFileReference section */
		AB44C6362DDDAADB008F76A4 /* SwiftUIGuardApp.app */ = {isa = PBXFileReference; explicitFileType = wrapper.application; includeInIndex = 0; path = SwiftUIGuardApp.app; sourceTree = BUILT_PRODUCTS_DIR; };
		AB44C6462DDDAADD008F76A4 /* SwiftUIGuardAppTests.xctest */ = {isa = PBXFileReference; explicitFileType = wrapper.cfbundle; includeInIndex = 0; path = SwiftUIGuardAppTests.xctest; sourceTree = BUILT_PRODUCTS_DIR; };
		AB44C6502DDDAADD008F76A4 /* SwiftUIGuardAppUITests.xctest */ = {isa = PBXFileReference; explicitFileType = wrapper.cfbundle; includeInIndex = 0; path = SwiftUIGuardAppUITests.xctest; sourceTree = BUILT_PRODUCTS_DIR; };
/* End PBXFileReference section */

/* Begin PBXFileSystemSynchronizedRootGroup section */
		AB44C6382DDDAADB008F76A4 /* SwiftUIGuardApp */ = {
			isa = PBXFileSystemSynchronizedRootGroup;
			path = SwiftUIGuardApp;
			sourceTree = "<group>";
		};
		AB44C6492DDDAADD008F76A4 /* SwiftUIGuardAppTests */ = {
			isa = PBXFileSystemSynchronizedRootGroup;
			path = SwiftUIGuardAppTests;
			sourceTree = "<group>";
		};
		AB44C6532DDDAADD008F76A4 /* SwiftUIGuardAppUITests */ = {
			isa = PBXFileSystemSynchronizedRootGroup;
			path = SwiftUIGuardAppUITests;
			sourceTree = "<group>";
		};
/* End PBXFileSystemSynchronizedRootGroup section */

/* Begin PBXFrameworksBuildPhase section */
		AB44C6332DDDAADB008F76A4 /* Frameworks */ = {
			isa = PBXFrameworksBuildPhase;
			buildActionMask = 2147483647;
			files = (
			);
			runOnlyForDeploymentPostprocessing = 0;
		};
		AB44C6432DDDAADD008F76A4 /* Frameworks */ = {
			isa = PBXFrameworksBuildPhase;
			buildActionMask = 2147483647;
			files = (
			);
			runOnlyForDeploymentPostprocessing = 0;
		};
		AB44C64D2DDDAADD008F76A4 /* Frameworks */ = {
			isa = PBXFrameworksBuildPhase;
			buildActionMask = 2147483647;
			files = (
			);
			runOnlyForDeploymentPostprocessing = 0;
		};
/* End PBXFrameworksBuildPhase section */

/* Begin PBXGroup section */
		AB44C62D2DDDAADB008F76A4 = {
			isa = PBXGroup;
			children = (
				AB44C6382DDDAADB008F76A4 /* SwiftUIGuardApp */,
				AB44C6492DDDAADD008F76A4 /* SwiftUIGuardAppTests */,
				AB44C6532DDDAADD008F76A4 /* SwiftUIGuardAppUITests */,
				AB44C6372DDDAADB008F76A4 /* Products */,
			);
			sourceTree = "<group>";
		};
		AB44C6372DDDAADB008F76A4 /* Products */ = {
			isa = PBXGroup;
			children = (
				AB44C6362DDDAADB008F76A4 /* SwiftUIGuardApp.app */,
				AB44C6462DDDAADD008F76A4 /* SwiftUIGuardAppTests.xctest */,
				AB44C6502DDDAADD008F76A4 /* SwiftUIGuardAppUITests.xctest */,
			);
			name = Products;
			sourceTree = "<group>";
		};
/* End PBXGroup section */

/* Begin PBXNativeTarget section */
		AB44C6352DDDAADB008F76A4 /* SwiftUIGuardApp */ = {
			isa = PBXNativeTarget;
			buildConfigurationList = AB44C65A2DDDAADD008F76A4 /* Build configuration list for PBXNativeTarget "SwiftUIGuardApp" */;
			buildPhases = (
				AB44C6322DDDAADB008F76A4 /* Sources */,
				AB44C6332DDDAADB008F76A4 /* Frameworks */,
				AB44C6342DDDAADB008F76A4 /* Resources */,
			);
			buildRules = (
			);
			dependencies = (
			);
			fileSystemSynchronizedGroups = (
				AB44C6382DDDAADB008F76A4 /* SwiftUIGuardApp */,
			);
			name = SwiftUIGuardApp;
			packageProductDependencies = (
			);
			productName = SwiftUIGuardApp;
			productReference = AB44C6362DDDAADB008F76A4 /* SwiftUIGuardApp.app */;
			productType = "com.apple.product-type.application";
		};
		AB44C6452DDDAADD008F76A4 /* SwiftUIGuardAppTests */ = {
			isa = PBXNativeTarget;
			buildConfigurationList = AB44C65D2DDDAADD008F76A4 /* Build configuration list for PBXNativeTarget "SwiftUIGuardAppTests" */;
			buildPhases = (
				AB44C6422DDDAADD008F76A4 /* Sources */,
				AB44C6432DDDAADD008F76A4 /* Frameworks */,
				AB44C6442DDDAADD008F76A4 /* Resources */,
			);
			buildRules = (
			);
			dependencies = (
				AB44C6482DDDAADD008F76A4 /* PBXTargetDependency */,
			);
			fileSystemSynchronizedGroups = (
				AB44C6492DDDAADD008F76A4 /* SwiftUIGuardAppTests */,
			);
			name = SwiftUIGuardAppTests;
			packageProductDependencies = (
			);
			productName = SwiftUIGuardAppTests;
			productReference = AB44C6462DDDAADD008F76A4 /* SwiftUIGuardAppTests.xctest */;
			productType = "com.apple.product-type.bundle.unit-test";
		};
		AB44C64F2DDDAADD008F76A4 /* SwiftUIGuardAppUITests */ = {
			isa = PBXNativeTarget;
			buildConfigurationList = AB44C6602DDDAADD008F76A4 /* Build configuration list for PBXNativeTarget "SwiftUIGuardAppUITests" */;
			buildPhases = (
				AB44C64C2DDDAADD008F76A4 /* Sources */,
				AB44C64D2DDDAADD008F76A4 /* Frameworks */,
				AB44C64E2DDDAADD008F76A4 /* Resources */,
			);
			buildRules = (
			);
			dependencies = (
				AB44C6522DDDAADD008F76A4 /* PBXTargetDependency */,
			);
			fileSystemSynchronizedGroups = (
				AB44C6532DDDAADD008F76A4 /* SwiftUIGuardAppUITests */,
			);
			name = SwiftUIGuardAppUITests;
			packageProductDependencies = (
			);
			productName = SwiftUIGuardAppUITests;
			productReference = AB44C6502DDDAADD008F76A4 /* SwiftUIGuardAppUITests.xctest */;
			productType = "com.apple.product-type.bundle.ui-testing";
		};
/* End PBXNativeTarget section */

/* Begin PBXProject section */
		AB44C62E2DDDAADB008F76A4 /* Project object */ = {
			isa = PBXProject;
			attributes = {
				BuildIndependentTargetsInParallel = 1;
				LastSwiftUpdateCheck = 1620;
				LastUpgradeCheck = 1620;
				TargetAttributes = {
					AB44C6352DDDAADB008F76A4 = {
						CreatedOnToolsVersion = 16.2;
					};
					AB44C6452DDDAADD008F76A4 = {
						CreatedOnToolsVersion = 16.2;
						TestTargetID = AB44C6352DDDAADB008F76A4;
					};
					AB44C64F2DDDAADD008F76A4 = {
						CreatedOnToolsVersion = 16.2;
						TestTargetID = AB44C6352DDDAADB008F76A4;
					};
				};
			};
			buildConfigurationList = AB44C6312DDDAADB008F76A4 /* Build configuration list for PBXProject "SwiftUIGuardApp" */;
			developmentRegion = en;
			hasScannedForEncodings = 0;
			knownRegions = (
				en,
				Base,
			);
			mainGroup = AB44C62D2DDDAADB008F76A4;
			minimizedProjectReferenceProxies = 1;
			preferredProjectObjectVersion = 77;
			productRefGroup = AB44C6372DDDAADB008F76A4 /* Products */;
			projectDirPath = "";
			projectRoot = "";
			targets = (
				AB44C6352DDDAADB008F76A4 /* SwiftUIGuardApp */,
				AB44C6452DDDAADD008F76A4 /* SwiftUIGuardAppTests */,
				AB44C64F2DDDAADD008F76A4 /* SwiftUIGuardAppUITests */,
			);
		};
/* End PBXProject section */

/* Begin PBXResourcesBuildPhase section */
		AB44C6342DDDAADB008F76A4 /* Resources */ = {
			isa = PBXResourcesBuildPhase;
			buildActionMask = 2147483647;
			files = (
			);
			runOnlyForDeploymentPostprocessing = 0;
		};
		AB44C6442DDDAADD008F76A4 /* Resources */ = {
			isa = PBXResourcesBuildPhase;
			buildActionMask = 2147483647;
			files = (
			);
			runOnlyForDeploymentPostprocessing = 0;
		};
		AB44C64E2DDDAADD008F76A4 /* Resources */ = {
			isa = PBXResourcesBuildPhase;
			buildActionMask = 2147483647;
			files = (
			);
			runOnlyForDeploymentPostprocessing = 0;
		};
/* End PBXResourcesBuildPhase section */

/* Begin PBXSourcesBuildPhase section */
		AB44C6322DDDAADB008F76A4 /* Sources */ = {
			isa = PBXSourcesBuildPhase;
			buildActionMask = 2147483647;
			files = (
			);
			runOnlyForDeploymentPostprocessing = 0;
		};
		AB44C6422DDDAADD008F76A4 /* Sources */ = {
			isa = PBXSourcesBuildPhase;
			buildActionMask = 2147483647;
			files = (
			);
			runOnlyForDeploymentPostprocessing = 0;
		};
		AB44C64C2DDDAADD008F76A4 /* Sources */ = {
			isa = PBXSourcesBuildPhase;
			buildActionMask = 2147483647;
			files = (
			);
			runOnlyForDeploymentPostprocessing = 0;
		};
/* End PBXSourcesBuildPhase section */

/* Begin PBXTargetDependency section */
		AB44C6482DDDAADD008F76A4 /* PBXTargetDependency */ = {
			isa = PBXTargetDependency;
			target = AB44C6352DDDAADB008F76A4 /* SwiftUIGuardApp */;
			targetProxy = AB44C6472DDDAADD008F76A4 /* PBXContainerItemProxy */;
		};
		AB44C6522DDDAADD008F76A4 /* PBXTargetDependency */ = {
			isa = PBXTargetDependency;
			target = AB44C6352DDDAADB008F76A4 /* SwiftUIGuardApp */;
			targetProxy = AB44C6512DDDAADD008F76A4 /* PBXContainerItemProxy */;
		};
/* End PBXTargetDependency section */

/* Begin XCBuildConfiguration section */
		AB44C6582DDDAADD008F76A4 /* Debug */ = {
			isa = XCBuildConfiguration;
			buildSettings = {
				ALWAYS_SEARCH_USER_PATHS = NO;
				ASSETCATALOG_COMPILER_GENERATE_SWIFT_ASSET_SYMBOL_EXTENSIONS = YES;
				CLANG_ANALYZER_NONNULL = YES;
				CLANG_ANALYZER_NUMBER_OBJECT_CONVERSION = YES_AGGRESSIVE;
				CLANG_CXX_LANGUAGE_STANDARD = "gnu++20";
				CLANG_ENABLE_MODULES = YES;
				CLANG_ENABLE_OBJC_ARC = YES;
				CLANG_ENABLE_OBJC_WEAK = YES;
				CLANG_WARN_BLOCK_CAPTURE_AUTORELEASING = YES;
				CLANG_WARN_BOOL_CONVERSION = YES;
				CLANG_WARN_COMMA = YES;
				CLANG_WARN_CONSTANT_CONVERSION = YES;
				CLANG_WARN_DEPRECATED_OBJC_IMPLEMENTATIONS = YES;
				CLANG_WARN_DIRECT_OBJC_ISA_USAGE = YES_ERROR;
				CLANG_WARN_DOCUMENTATION_COMMENTS = YES;
				CLANG_WARN_EMPTY_BODY = YES;
				CLANG_WARN_ENUM_CONVERSION = YES;
				CLANG_WARN_INFINITE_RECURSION = YES;
				CLANG_WARN_INT_CONVERSION = YES;
				CLANG_WARN_NON_LITERAL_NULL_CONVERSION = YES;
				CLANG_WARN_OBJC_IMPLICIT_RETAIN_SELF = YES;
				CLANG_WARN_OBJC_LITERAL_CONVERSION = YES;
				CLANG_WARN_OBJC_ROOT_CLASS = YES_ERROR;
				CLANG_WARN_QUOTED_INCLUDE_IN_FRAMEWORK_HEADER = YES;
				CLANG_WARN_RANGE_LOOP_ANALYSIS = YES;
				CLANG_WARN_STRICT_PROTOTYPES = YES;
				CLANG_WARN_SUSPICIOUS_MOVE = YES;
				CLANG_WARN_UNGUARDED_AVAILABILITY = YES_AGGRESSIVE;
				CLANG_WARN_UNREACHABLE_CODE = YES;
				CLANG_WARN__DUPLICATE_METHOD_MATCH = YES;
				COPY_PHASE_STRIP = NO;
				DEBUG_INFORMATION_FORMAT = dwarf;
				ENABLE_STRICT_OBJC_MSGSEND = YES;
				ENABLE_TESTABILITY = YES;
				ENABLE_USER_SCRIPT_SANDBOXING = YES;
				GCC_C_LANGUAGE_STANDARD = gnu17;
				GCC_DYNAMIC_NO_PIC = NO;
				GCC_NO_COMMON_BLOCKS = YES;
				GCC_OPTIMIZATION_LEVEL = 0;
				GCC_PREPROCESSOR_DEFINITIONS = (
					"DEBUG=1",
					"$(inherited)",
				);
				GCC_WARN_64_TO_32_BIT_CONVERSION = YES;
				GCC_WARN_ABOUT_RETURN_TYPE = YES_ERROR;
				GCC_WARN_UNDECLARED_SELECTOR = YES;
				GCC_WARN_UNINITIALIZED_AUTOS = YES_AGGRESSIVE;
				GCC_WARN_UNUSED_FUNCTION = YES;
				GCC_WARN_UNUSED_VARIABLE = YES;
				IPHONEOS_DEPLOYMENT_TARGET = 18.2;
				LOCALIZATION_PREFERS_STRING_CATALOGS = YES;
				MTL_ENABLE_DEBUG_INFO = INCLUDE_SOURCE;
				MTL_FAST_MATH = YES;
				ONLY_ACTIVE_ARCH = YES;
				SDKROOT = iphoneos;
				SWIFT_ACTIVE_COMPILATION_CONDITIONS = "DEBUG $(inherited)";
				SWIFT_OPTIMIZATION_LEVEL = "-Onone";
			};
			name = Debug;
		};
		AB44C6592DDDAADD008F76A4 /* Release */ = {
			isa = XCBuildConfiguration;
			buildSettings = {
				ALWAYS_SEARCH_USER_PATHS = NO;
				ASSETCATALOG_COMPILER_GENERATE_SWIFT_ASSET_SYMBOL_EXTENSIONS = YES;
				CLANG_ANALYZER_NONNULL = YES;
				CLANG_ANALYZER_NUMBER_OBJECT_CONVERSION = YES_AGGRESSIVE;
				CLANG_CXX_LANGUAGE_STANDARD = "gnu++20";
				CLANG_ENABLE_MODULES = YES;
				CLANG_ENABLE_OBJC_ARC = YES;
				CLANG_ENABLE_OBJC_WEAK = YES;
				CLANG_WARN_BLOCK_CAPTURE_AUTORELEASING = YES;
				CLANG_WARN_BOOL_CONVERSION = YES;
				CLANG_WARN_COMMA = YES;
				CLANG_WARN_CONSTANT_CONVERSION = YES;
				CLANG_WARN_DEPRECATED_OBJC_IMPLEMENTATIONS = YES;
				CLANG_WARN_DIRECT_OBJC_ISA_USAGE = YES_ERROR;
				CLANG_WARN_DOCUMENTATION_COMMENTS = YES;
				CLANG_WARN_EMPTY_BODY = YES;
				CLANG_WARN_ENUM_CONVERSION = YES;
				CLANG_WARN_INFINITE_RECURSION = YES;
				CLANG_WARN_INT_CONVERSION = YES;
				CLANG_WARN_NON_LITERAL_NULL_CONVERSION = YES;
				CLANG_WARN_OBJC_IMPLICIT_RETAIN_SELF = YES;
				CLANG_WARN_OBJC_LITERAL_CONVERSION = YES;
				CLANG_WARN_OBJC_ROOT_CLASS = YES_ERROR;
				CLANG_WARN_QUOTED_INCLUDE_IN_FRAMEWORK_HEADER = YES;
				CLANG_WARN_RANGE_LOOP_ANALYSIS = YES;
				CLANG_WARN_STRICT_PROTOTYPES = YES;
				CLANG_WARN_SUSPICIOUS_MOVE = YES;
				CLANG_WARN_UNGUARDED_AVAILABILITY = YES_AGGRESSIVE;
				CLANG_WARN_UNREACHABLE_CODE = YES;
				CLANG_WARN__DUPLICATE_METHOD_MATCH = YES;
				COPY_PHASE_STRIP = NO;
				DEBUG_INFORMATION_FORMAT = "dwarf-with-dsym";
				ENABLE_NS_ASSERTIONS = NO;
				ENABLE_STRICT_OBJC_MSGSEND = YES;
				ENABLE_USER_SCRIPT_SANDBOXING = YES;
				GCC_C_LANGUAGE_STANDARD = gnu17;
				GCC_NO_COMMON_BLOCKS = YES;
				GCC_WARN_64_TO_32_BIT_CONVERSION = YES;
				GCC_WARN_ABOUT_RETURN_TYPE = YES_ERROR;
				GCC_WARN_UNDECLARED_SELECTOR = YES;
				GCC_WARN_UNINITIALIZED_AUTOS = YES_AGGRESSIVE;
				GCC_WARN_UNUSED_FUNCTION = YES;
				GCC_WARN_UNUSED_VARIABLE = YES;
				IPHONEOS_DEPLOYMENT_TARGET = 18.2;
				LOCALIZATION_PREFERS_STRING_CATALOGS = YES;
				MTL_ENABLE_DEBUG_INFO = NO;
				MTL_FAST_MATH = YES;
				SDKROOT = iphoneos;
				SWIFT_COMPILATION_MODE = wholemodule;
				VALIDATE_PRODUCT = YES;
			};
			name = Release;
		};
		AB44C65B2DDDAADD008F76A4 /* Debug */ = {
			isa = XCBuildConfiguration;
			buildSettings = {
				ASSETCATALOG_COMPILER_APPICON_NAME = AppIcon;
				ASSETCATALOG_COMPILER_GLOBAL_ACCENT_COLOR_NAME = AccentColor;
				CODE_SIGN_STYLE = Automatic;
				CURRENT_PROJECT_VERSION = 1;
				DEVELOPMENT_ASSET_PATHS = "\"SwiftUIGuardApp/Preview Content\"";
				ENABLE_PREVIEWS = YES;
				GENERATE_INFOPLIST_FILE = YES;
				INFOPLIST_KEY_UIApplicationSceneManifest_Generation = YES;
				INFOPLIST_KEY_UIApplicationSupportsIndirectInputEvents = YES;
				INFOPLIST_KEY_UILaunchScreen_Generation = YES;
				INFOPLIST_KEY_UISupportedInterfaceOrientations_iPad = "UIInterfaceOrientationPortrait UIInterfaceOrientationPortraitUpsideDown UIInterfaceOrientationLandscapeLeft UIInterfaceOrientationLandscapeRight";
				INFOPLIST_KEY_UISupportedInterfaceOrientations_iPhone = "UIInterfaceOrientationPortrait UIInterfaceOrientationLandscapeLeft UIInterfaceOrientationLandscapeRight";
				LD_RUNPATH_SEARCH_PATHS = (
					"$(inherited)",
					"@executable_path/Frameworks",
				);
				MARKETING_VERSION = 1.0;
				PRODUCT_BUNDLE_IDENTIFIER = denidug.SwiftUIGuardApp;
				PRODUCT_NAME = "$(TARGET_NAME)";
				SWIFT_EMIT_LOC_STRINGS = YES;
				SWIFT_VERSION = 5.0;
				TARGETED_DEVICE_FAMILY = "1,2";
			};
			name = Debug;
		};
		AB44C65C2DDDAADD008F76A4 /* Release */ = {
			isa = XCBuildConfiguration;
			buildSettings = {
				ASSETCATALOG_COMPILER_APPICON_NAME = AppIcon;
				ASSETCATALOG_COMPILER_GLOBAL_ACCENT_COLOR_NAME = AccentColor;
				CODE_SIGN_STYLE = Automatic;
				CURRENT_PROJECT_VERSION = 1;
				DEVELOPMENT_ASSET_PATHS = "\"SwiftUIGuardApp/Preview Content\"";
				ENABLE_PREVIEWS = YES;
				GENERATE_INFOPLIST_FILE = YES;
				INFOPLIST_KEY_UIApplicationSceneManifest_Generation = YES;
				INFOPLIST_KEY_UIApplicationSupportsIndirectInputEvents = YES;
				INFOPLIST_KEY_UILaunchScreen_Generation = YES;
				INFOPLIST_KEY_UISupportedInterfaceOrientations_iPad = "UIInterfaceOrientationPortrait UIInterfaceOrientationPortraitUpsideDown UIInterfaceOrientationLandscapeLeft UIInterfaceOrientationLandscapeRight";
				INFOPLIST_KEY_UISupportedInterfaceOrientations_iPhone = "UIInterfaceOrientationPortrait UIInterfaceOrientationLandscapeLeft UIInterfaceOrientationLandscapeRight";
				LD_RUNPATH_SEARCH_PATHS = (
					"$(inherited)",
					"@executable_path/Frameworks",
				);
				MARKETING_VERSION = 1.0;
				PRODUCT_BUNDLE_IDENTIFIER = denidug.SwiftUIGuardApp;
				PRODUCT_NAME = "$(TARGET_NAME)";
				SWIFT_EMIT_LOC_STRINGS = YES;
				SWIFT_VERSION = 5.0;
				TARGETED_DEVICE_FAMILY = "1,2";
			};
			name = Release;
		};
		AB44C65E2DDDAADD008F76A4 /* Debug */ = {
			isa = XCBuildConfiguration;
			buildSettings = {
				BUNDLE_LOADER = "$(TEST_HOST)";
				CODE_SIGN_STYLE = Automatic;
				CURRENT_PROJECT_VERSION = 1;
				GENERATE_INFOPLIST_FILE = YES;
				IPHONEOS_DEPLOYMENT_TARGET = 18.2;
				MARKETING_VERSION = 1.0;
				PRODUCT_BUNDLE_IDENTIFIER = denidug.SwiftUIGuardAppTests;
				PRODUCT_NAME = "$(TARGET_NAME)";
				SWIFT_EMIT_LOC_STRINGS = NO;
				SWIFT_VERSION = 5.0;
				TARGETED_DEVICE_FAMILY = "1,2";
				TEST_HOST = "$(BUILT_PRODUCTS_DIR)/SwiftUIGuardApp.app/$(BUNDLE_EXECUTABLE_FOLDER_PATH)/SwiftUIGuardApp";
			};
			name = Debug;
		};
		AB44C65F2DDDAADD008F76A4 /* Release */ = {
			isa = XCBuildConfiguration;
			buildSettings = {
				BUNDLE_LOADER = "$(TEST_HOST)";
				CODE_SIGN_STYLE = Automatic;
				CURRENT_PROJECT_VERSION = 1;
				GENERATE_INFOPLIST_FILE = YES;
				IPHONEOS_DEPLOYMENT_TARGET = 18.2;
				MARKETING_VERSION = 1.0;
				PRODUCT_BUNDLE_IDENTIFIER = denidug.SwiftUIGuardAppTests;
				PRODUCT_NAME = "$(TARGET_NAME)";
				SWIFT_EMIT_LOC_STRINGS = NO;
				SWIFT_VERSION = 5.0;
				TARGETED_DEVICE_FAMILY = "1,2";
				TEST_HOST = "$(BUILT_PRODUCTS_DIR)/SwiftUIGuardApp.app/$(BUNDLE_EXECUTABLE_FOLDER_PATH)/SwiftUIGuardApp";
			};
			name = Release;
		};
		AB44C6612DDDAADD008F76A4 /* Debug */ = {
			isa = XCBuildConfiguration;
			buildSettings = {
				CODE_SIGN_STYLE = Automatic;
				CURRENT_PROJECT_VERSION = 1;
				GENERATE_INFOPLIST_FILE = YES;
				MARKETING_VERSION = 1.0;
				PRODUCT_BUNDLE_IDENTIFIER = denidug.SwiftUIGuardAppUITests;
				PRODUCT_NAME = "$(TARGET_NAME)";
				SWIFT_EMIT_LOC_STRINGS = NO;
				SWIFT_VERSION = 5.0;
				TARGETED_DEVICE_FAMILY = "1,2";
				TEST_TARGET_NAME = SwiftUIGuardApp;
			};
			name = Debug;
		};
		AB44C6622DDDAADD008F76A4 /* Release */ = {
			isa = XCBuildConfiguration;
			buildSettings = {
				CODE_SIGN_STYLE = Automatic;
				CURRENT_PROJECT_VERSION = 1;
				GENERATE_INFOPLIST_FILE = YES;
				MARKETING_VERSION = 1.0;
				PRODUCT_BUNDLE_IDENTIFIER = denidug.SwiftUIGuardAppUITests;
				PRODUCT_NAME = "$(TARGET_NAME)";
				SWIFT_EMIT_LOC_STRINGS = NO;
				SWIFT_VERSION = 5.0;
				TARGETED_DEVICE_FAMILY = "1,2";
				TEST_TARGET_NAME = SwiftUIGuardApp;
			};
			name = Release;
		};
/* End XCBuildConfiguration section */

/* Begin XCConfigurationList section */
		AB44C6312DDDAADB008F76A4 /* Build configuration list for PBXProject "SwiftUIGuardApp" */ = {
			isa = XCConfigurationList;
			buildConfigurations = (
				AB44C6582DDDAADD008F76A4 /* Debug */,
				AB44C6592DDDAADD008F76A4 /* Release */,
			);
			defaultConfigurationIsVisible = 0;
			defaultConfigurationName = Release;
		};
		AB44C65A2DDDAADD008F76A4 /* Build configuration list for PBXNativeTarget "SwiftUIGuardApp" */ = {
			isa = XCConfigurationList;
			buildConfigurations = (
				AB44C65B2DDDAADD008F76A4 /* Debug */,
				AB44C65C2DDDAADD008F76A4 /* Release */,
			);
			defaultConfigurationIsVisible = 0;
			defaultConfigurationName = Release;
		};
		AB44C65D2DDDAADD008F76A4 /* Build configuration list for PBXNativeTarget "SwiftUIGuardAppTests" */ = {
			isa = XCConfigurationList;
			buildConfigurations = (
				AB44C65E2DDDAADD008F76A4 /* Debug */,
				AB44C65F2DDDAADD008F76A4 /* Release */,
			);
			defaultConfigurationIsVisible = 0;
			defaultConfigurationName = Release;
		};
		AB44C6602DDDAADD008F76A4 /* Build configuration list for PBXNativeTarget "SwiftUIGuardAppUITests" */ = {
			isa = XCConfigurationList;
			buildConfigurations = (
				AB44C6612DDDAADD008F76A4 /* Debug */,
				AB44C6622DDDAADD008F76A4 /* Release */,
			);
			defaultConfigurationIsVisible = 0;
			defaultConfigurationName = Release;
		};
/* End XCConfigurationList section */
	};
	rootObject = AB44C62E2DDDAADB008F76A4 /* Project object */;
}
